// !$*UTF8*$!
{
	archiveVersion = 1;
	classes = {
	};
	objectVersion = 77;
	objects = {

/* Begin PBXBuildFile section */
		02244F67199F15577ECA0CB4 /* RecipeDetailView.swift in Sources */ = {isa = PBXBuildFile; fileRef = 7BC9796247CDDA519DF6DD9E /* RecipeDetailView.swift */; };
		02CC55C9E917BD8B040F3923 /* UseUp.swift in Sources */ = {isa = PBXBuildFile; fileRef = FAD9D83EE1C4BE8CA98E685C /* UseUp.swift */; };
		0A7A5245A5130DB80549EF1E /* chicken_adobo.jpg in Resources */ = {isa = PBXBuildFile; fileRef = 417FE4C61D7DBC5A41C04A0A /* chicken_adobo.jpg */; };
		0B1D18CF0EBD065D15A8FDE7 /* garlic_fried_rice.jpg in Resources */ = {isa = PBXBuildFile; fileRef = 4C731BB791F85875FED375CD /* garlic_fried_rice.jpg */; };
		0BCC66D98AADE3ECE40E6779 /* AuthServicing.swift in Sources */ = {isa = PBXBuildFile; fileRef = 7A7FCB770D091CD2B6544B29 /* AuthServicing.swift */; };
		12B822292D18CAAB77C161A7 /* DummyData.swift in Sources */ = {isa = PBXBuildFile; fileRef = 3FAA280AC277D1DCB6982C81 /* DummyData.swift */; };
		1600BDEF8F9858AAB63789D9 /* IngredientChip.swift in Sources */ = {isa = PBXBuildFile; fileRef = 786FAABCD65FBF5EB47EE14C /* IngredientChip.swift */; };
		1662BA7A2884745F0B642655 /* BREAKFAST.png in Resources */ = {isa = PBXBuildFile; fileRef = 562A16A05178033C19556FD3 /* BREAKFAST.png */; };
		1D2D016163477A8C419EB6CB /* GenerationOptions.swift in Sources */ = {isa = PBXBuildFile; fileRef = DA53245272A621024C71F85B /* GenerationOptions.swift */; };
		1EA1759BE1E42A455B85B9A3 /* Beet.png in Resources */ = {isa = PBXBuildFile; fileRef = 8CF311AC35BA76C38FCA7629 /* Beet.png */; };
		214FD5727EB4980F093DDBAD /* black_bean_tacos.jpg in Resources */ = {isa = PBXBuildFile; fileRef = DE70ECBA2BE70D22FB2ADEC6 /* black_bean_tacos.jpg */; };
		22D75B6897873EF9F6508611 /* CalSans-Regular.ttf in Resources */ = {isa = PBXBuildFile; fileRef = 21BF6E967C36329A4F20EA2E /* CalSans-Regular.ttf */; };
		26A4D3B7190725BFA002C6C2 /* Pantry.svg in Resources */ = {isa = PBXBuildFile; fileRef = E98253A732C7516A9C1B89A2 /* Pantry.svg */; };
		26FE43D2BF95B1971460392A /* RecipeIngredient.swift in Sources */ = {isa = PBXBuildFile; fileRef = 99B3F34FFF8348AC29A619D5 /* RecipeIngredient.swift */; };
		295328ED217BE49A8190A6BB /* MockRecipeGenerator.swift in Sources */ = {isa = PBXBuildFile; fileRef = E6DACD6A28FCBB0C22151896 /* MockRecipeGenerator.swift */; };
		298430967642FAFC3162F661 /* FeatureOnboardingView.swift in Sources */ = {isa = PBXBuildFile; fileRef = 06DCC290A03520C3DF5D0D97 /* FeatureOnboardingView.swift */; };
		29F27DD1243E4F449FCB7C93 /* food.jpg in Resources */ = {isa = PBXBuildFile; fileRef = 79FBF6F4F0CB438ED2D17DA7 /* food.jpg */; };
		2A6EB0A301F9A235E430C6CA /* Avocado.png in Resources */ = {isa = PBXBuildFile; fileRef = 3F9DD6D9725AACEAA673D8A5 /* Avocado.png */; };
		2B6A7725B316E8F594EBCF66 /* ShareRecipeSheet.swift in Sources */ = {isa = PBXBuildFile; fileRef = B9BF60F662B8DAA315390AF8 /* ShareRecipeSheet.swift */; };
		2C14EC9025345F1927D17CC5 /* spaghetti_aglio_e_olio.jpg in Resources */ = {isa = PBXBuildFile; fileRef = 3015D89525CDD4C977B5EA59 /* spaghetti_aglio_e_olio.jpg */; };
		2EB41B4A1B2B4A942E02F963 /* GenerateView.swift in Sources */ = {isa = PBXBuildFile; fileRef = DABFE1E2BE5D74A531C707E9 /* GenerateView.swift */; };
		318C85980AF96B54EF07A46E /* AuthView.swift in Sources */ = {isa = PBXBuildFile; fileRef = DC2237E7BB39DCCC31FD64A8 /* AuthView.swift */; };
		39BFC9615DED8C1DBF441555 /* egg_fried_noodles.jpg in Resources */ = {isa = PBXBuildFile; fileRef = 203CF2C073B558DE4F56C6BC /* egg_fried_noodles.jpg */; };
		3ABD7CDD9E7CDFD5716FE807 /* chicken_tikka_bowl.jpg in Resources */ = {isa = PBXBuildFile; fileRef = E9493B5DAB62EB7AB8319A32 /* chicken_tikka_bowl.jpg */; };
		414EBB6469BE9E8F7B259CE7 /* tuna_protein_salad.jpg in Resources */ = {isa = PBXBuildFile; fileRef = 267C4E36821AB28291D27DE4 /* tuna_protein_salad.jpg */; };
		50156D87EF57571A0F3D6342 /* grilled_chicken_breast.jpg in Resources */ = {isa = PBXBuildFile; fileRef = 980BCCC4FF2E655171B2F353 /* grilled_chicken_breast.jpg */; };
		550C0C63F02C72707A0A8498 /* MainTabView.swift in Sources */ = {isa = PBXBuildFile; fileRef = F114385A24647C300FEFF208 /* MainTabView.swift */; };
		57095F8934630FC097687B48 /* Macros.swift in Sources */ = {isa = PBXBuildFile; fileRef = 642CCCEEB0FE0309D3A3132D /* Macros.swift */; };
		5B17ED9E08DF4BEE88452FA4 /* spinach_egg_scramble.jpg in Resources */ = {isa = PBXBuildFile; fileRef = A1BAE9D0A8EEBD9BD45208EB /* spinach_egg_scramble.jpg */; };
		5EF1718AF3D23AD5364BC518 /* Ingredient.swift in Sources */ = {isa = PBXBuildFile; fileRef = 5C1FADD9EFB44C900ADC3141 /* Ingredient.swift */; };
		61BD0120D429DF101CDF7A20 /* tofu_pad_thai.jpg in Resources */ = {isa = PBXBuildFile; fileRef = E04E5C5E32A540BBA70863AA /* tofu_pad_thai.jpg */; };
		639BDB219E2B5430181D46FE /* SupabaseClient.swift in Sources */ = {isa = PBXBuildFile; fileRef = 7923D0BEDD4B9805886749DE /* SupabaseClient.swift */; };
		646ADC15F073D597C1679473 /* RecipeGenerating.swift in Sources */ = {isa = PBXBuildFile; fileRef = 3BBC1A0C37F72DA19A56F017 /* RecipeGenerating.swift */; };
		68C53A8455B987CA7A5D3905 /* Bread.png in Resources */ = {isa = PBXBuildFile; fileRef = 2E418DF80ABF3353936BB2AE /* Bread.png */; };
		68DD36EEAA11103AE8149FC7 /* Banana.png in Resources */ = {isa = PBXBuildFile; fileRef = B87364B705EF47E52293439B /* Banana.png */; };
		6C646D06BE26B6523BD6283B /* Chili Pepper.png in Resources */ = {isa = PBXBuildFile; fileRef = 745464E36914E308C1EB67EE /* Chili Pepper.png */; };
		708D49513D61EDECD4728E01 /* RecipesView.swift in Sources */ = {isa = PBXBuildFile; fileRef = B37DDD79FAB449C94D672A45 /* RecipesView.swift */; };
		74D6DD3C53A5F9B81D2AD8D2 /* zucchini_noodle_stir_fry.jpg in Resources */ = {isa = PBXBuildFile; fileRef = 503AC7C9BEDDF01840DE1E66 /* zucchini_noodle_stir_fry.jpg */; };
		7B8153BEB8B9F849DE99ABE8 /* Lemon.png in Resources */ = {isa = PBXBuildFile; fileRef = 7B69C571ED8D292815D06EEB /* Lemon.png */; };
		7C8A8B3008FADE2F2F82A6CC /* japanese_miso_soup.jpg in Resources */ = {isa = PBXBuildFile; fileRef = 3D5C912CCB0859DC81A8E2D8 /* japanese_miso_soup.jpg */; };
		819D62E0EB2A0BD57042F946 /* MockAuthService.swift in Sources */ = {isa = PBXBuildFile; fileRef = 7703808C4F9B112225FC303B /* MockAuthService.swift */; };
		8244AE911A1B24066F661DB3 /* Satoshi-Variable.ttf in Resources */ = {isa = PBXBuildFile; fileRef = 873CDDA8682529F370504107 /* Satoshi-Variable.ttf */; };
		82CD7BA2589BEDA7366B6E34 /* Bricolage.ttf in Resources */ = {isa = PBXBuildFile; fileRef = 20098F5914F8B0BF4352AB9F /* Bricolage.ttf */; };
		87E95B6BB5E33A815974CCB1 /* BREAKFAST.svg in Resources */ = {isa = PBXBuildFile; fileRef = A14455240EDE937E9E5C3F1C /* BREAKFAST.svg */; };
		8F397889BFC74E260325A739 /* korean_bibimbap.jpg in Resources */ = {isa = PBXBuildFile; fileRef = 6A168D7F8712AFBCF08D3252 /* korean_bibimbap.jpg */; };
		9B69CC9E60EA77FA624FEAFD /* MacrosStore.swift in Sources */ = {isa = PBXBuildFile; fileRef = 14B216034BEC0424DA1D51B9 /* MacrosStore.swift */; };
		9E39D6F0DAFA231A39CC3C54 /* Garlic.png in Resources */ = {isa = PBXBuildFile; fileRef = A00B90C527EC572811682712 /* Garlic.png */; };
		A1B2C3D4E5F6A7B8C9D0E1F2 /* SupabaseAuthService.swift in Sources */ = {isa = PBXBuildFile; fileRef = F1E2D3C4B5A6978800112233 /* SupabaseAuthService.swift */; };
		A2870067A48EFFDF2190EFD4 /* greek_chicken_salad.jpg in Resources */ = {isa = PBXBuildFile; fileRef = 7222060915A5CEC7A8DC0D79 /* greek_chicken_salad.jpg */; };
		A6433BF32F203E29F88C92BA /* PreviewHelpers.swift in Sources */ = {isa = PBXBuildFile; fileRef = CB25E259DB12ACD1C1E7F902 /* PreviewHelpers.swift */; };
		A71A4782F5ECEC1B5F2E3B09 /* burrito_bowl.jpg in Resources */ = {isa = PBXBuildFile; fileRef = 66C402A9402CC35141C54625 /* burrito_bowl.jpg */; };
		A80537A9689BD80F2CFD51A8 /* mediterranean_quinoa_bowl.jpg in Resources */ = {isa = PBXBuildFile; fileRef = FE446B2406C6915F998A60C5 /* mediterranean_quinoa_bowl.jpg */; };
		AFE921F32988F88F728D919E /* MacroEntry.swift in Sources */ = {isa = PBXBuildFile; fileRef = 250C8A2B0170133955E7CFC0 /* MacroEntry.swift */; };
		B16AE7C7C466A375023CADBD /* PantryStore.swift in Sources */ = {isa = PBXBuildFile; fileRef = E944FBC8A297AFD340B96F02 /* PantryStore.swift */; };
		B1E9E1A440E1AC0BCD8D7B05 /* Recipe.svg in Resources */ = {isa = PBXBuildFile; fileRef = 325B9CBE4070D61ED68EC740 /* Recipe.svg */; };
		B2C3D4E5F6A7B8C9D0E1F3A4 /* ProfileService.swift in Sources */ = {isa = PBXBuildFile; fileRef = E2D3C4B5A6978800112233F1 /* ProfileService.swift */; };
		B3743568EAD94CFD9B37AD49 /* SourceLink.swift in Sources */ = {isa = PBXBuildFile; fileRef = F75D4D9A44F275DF59C80B53 /* SourceLink.swift */; };
		B699F805B02A95BEA1011515 /* GetStartedView.swift in Sources */ = {isa = PBXBuildFile; fileRef = 52C5B6D69C5878EDBB78675A /* GetStartedView.swift */; };
		B699F805B02A95BEA1011516 /* SplashView.swift in Sources */ = {isa = PBXBuildFile; fileRef = 52C5B6D69C5878EDBB78675B /* SplashView.swift */; };
		BB096795DBDD61E1C9608ACD /* StarRatingView.swift in Sources */ = {isa = PBXBuildFile; fileRef = C377C351BD6B5F3FEF6AEC0B /* StarRatingView.swift */; };
		BBC4D29EAA7E3A556ED86B57 /* Recipe.swift in Sources */ = {isa = PBXBuildFile; fileRef = 704CF556AF1EE264EE95390E /* Recipe.swift */; };
		C0B532C6B560D467B946DE0E /* Supabase in Frameworks */ = {isa = PBXBuildFile; productRef = 09FE46A95D07C5CFEE2F4F0E /* Supabase */; };
		C0CEC24C56981B4957886FD7 /* SavedRecipesStore.swift in Sources */ = {isa = PBXBuildFile; fileRef = B4C9D4C308E8484274D74205 /* SavedRecipesStore.swift */; };
		C3D4E5F6A7B8C9D0E1F2A3B4 /* OTPVerificationView.swift in Sources */ = {isa = PBXBuildFile; fileRef = D4E5F6A7B8C9D0E1F2A3B4C5 /* OTPVerificationView.swift */; };
		C84FEFB86F36A5472694DA8C /* caprese_salad.jpg in Resources */ = {isa = PBXBuildFile; fileRef = 46A16BBD0B5705143B90955A /* caprese_salad.jpg */; };
		CA1983A18312E9CA947EFE31 /* bean_rice_bowl.jpg in Resources */ = {isa = PBXBuildFile; fileRef = A3DF438A696E4E878B57EF39 /* bean_rice_bowl.jpg */; };
		D0101FEC647CD740FE4A9A6D /* MacroProfile.swift in Sources */ = {isa = PBXBuildFile; fileRef = 83614D561A8E94F520ADDBF0 /* MacroProfile.swift */; };
		D0A68A6EB9ABD3823AFC8266 /* AppRootView.swift in Sources */ = {isa = PBXBuildFile; fileRef = 946A3B567CAAB4387E4E633C /* AppRootView.swift */; };
		D210141991A4ACB22FF33B1F /* Icons.xcassets in Resources */ = {isa = PBXBuildFile; fileRef = AE9184889DBD3A6D41BE9540 /* Icons.xcassets */; };
		DAEA3BC50B0FC4D58138127C /* DesignSystem.swift in Sources */ = {isa = PBXBuildFile; fileRef = 2E9993855C4EB6BDEE8525E0 /* DesignSystem.swift */; };
		DD43EB8F0FA794EAA5C263EE /* PantryView.swift in Sources */ = {isa = PBXBuildFile; fileRef = 0923F147D56FC7B31EFD438D /* PantryView.swift */; };
		DF072E4F8D89B5CE1D892202 /* Broccoli.png in Resources */ = {isa = PBXBuildFile; fileRef = A13E4D0B18FE5FD13DF23471 /* Broccoli.png */; };
		E24BE3A936F255D1A2B57FC5 /* Macro.svg in Resources */ = {isa = PBXBuildFile; fileRef = 3E9664EFF4249699D3039F13 /* Macro.svg */; };
		E787564288CB0A56B2C39D34 /* Corn.png in Resources */ = {isa = PBXBuildFile; fileRef = DA6456583B1EB9CFA64C963F /* Corn.png */; };
		F9E665C61B9FC15D3DF06314 /* Tomato.png in Resources */ = {isa = PBXBuildFile; fileRef = 2E03FBC42945881C1C8F5A1B /* Tomato.png */; };
		FE2E00688DE4B92991C7B14A /* AppSession.swift in Sources */ = {isa = PBXBuildFile; fileRef = E013008A3A3EDCEA85074AA4 /* AppSession.swift */; };
		FFBC78300528C80A919F6F34 /* ProfileView.swift in Sources */ = {isa = PBXBuildFile; fileRef = C82DA06EDE12D3E490F6ADFD /* ProfileView.swift */; };
/* End PBXBuildFile section */

/* Begin PBXFileReference section */
		06DCC290A03520C3DF5D0D97 /* FeatureOnboardingView.swift */ = {isa = PBXFileReference; lastKnownFileType = sourcecode.swift; path = FeatureOnboardingView.swift; sourceTree = "<group>"; };
		0923F147D56FC7B31EFD438D /* PantryView.swift */ = {isa = PBXFileReference; lastKnownFileType = sourcecode.swift; path = PantryView.swift; sourceTree = "<group>"; };
		146D91EAB4ED2123AC6E1D15 /* UseUp.app */ = {isa = PBXFileReference; explicitFileType = wrapper.application; includeInIndex = 0; path = UseUp.app; sourceTree = BUILT_PRODUCTS_DIR; };
		14B216034BEC0424DA1D51B9 /* MacrosStore.swift */ = {isa = PBXFileReference; lastKnownFileType = sourcecode.swift; path = MacrosStore.swift; sourceTree = "<group>"; };
		20098F5914F8B0BF4352AB9F /* Bricolage.ttf */ = {isa = PBXFileReference; lastKnownFileType = file; path = Bricolage.ttf; sourceTree = "<group>"; };
		203CF2C073B558DE4F56C6BC /* egg_fried_noodles.jpg */ = {isa = PBXFileReference; lastKnownFileType = image.jpeg; path = egg_fried_noodles.jpg; sourceTree = "<group>"; };
		21BF6E967C36329A4F20EA2E /* CalSans-Regular.ttf */ = {isa = PBXFileReference; lastKnownFileType = file; path = "CalSans-Regular.ttf"; sourceTree = "<group>"; };
		250C8A2B0170133955E7CFC0 /* MacroEntry.swift */ = {isa = PBXFileReference; lastKnownFileType = sourcecode.swift; path = MacroEntry.swift; sourceTree = "<group>"; };
		267C4E36821AB28291D27DE4 /* tuna_protein_salad.jpg */ = {isa = PBXFileReference; lastKnownFileType = image.jpeg; path = tuna_protein_salad.jpg; sourceTree = "<group>"; };
		2E03FBC42945881C1C8F5A1B /* Tomato.png */ = {isa = PBXFileReference; lastKnownFileType = image.png; path = Tomato.png; sourceTree = "<group>"; };
		2E418DF80ABF3353936BB2AE /* Bread.png */ = {isa = PBXFileReference; lastKnownFileType = image.png; path = Bread.png; sourceTree = "<group>"; };
		2E9993855C4EB6BDEE8525E0 /* DesignSystem.swift */ = {isa = PBXFileReference; lastKnownFileType = sourcecode.swift; path = DesignSystem.swift; sourceTree = "<group>"; };
		3015D89525CDD4C977B5EA59 /* spaghetti_aglio_e_olio.jpg */ = {isa = PBXFileReference; lastKnownFileType = image.jpeg; path = spaghetti_aglio_e_olio.jpg; sourceTree = "<group>"; };
		325B9CBE4070D61ED68EC740 /* Recipe.svg */ = {isa = PBXFileReference; lastKnownFileType = text; path = Recipe.svg; sourceTree = "<group>"; };
		3BBC1A0C37F72DA19A56F017 /* RecipeGenerating.swift */ = {isa = PBXFileReference; lastKnownFileType = sourcecode.swift; path = RecipeGenerating.swift; sourceTree = "<group>"; };
		3D5C912CCB0859DC81A8E2D8 /* japanese_miso_soup.jpg */ = {isa = PBXFileReference; lastKnownFileType = image.jpeg; path = japanese_miso_soup.jpg; sourceTree = "<group>"; };
		3E9664EFF4249699D3039F13 /* Macro.svg */ = {isa = PBXFileReference; lastKnownFileType = text; path = Macro.svg; sourceTree = "<group>"; };
		3F9DD6D9725AACEAA673D8A5 /* Avocado.png */ = {isa = PBXFileReference; lastKnownFileType = image.png; path = Avocado.png; sourceTree = "<group>"; };
		3FAA280AC277D1DCB6982C81 /* DummyData.swift */ = {isa = PBXFileReference; lastKnownFileType = sourcecode.swift; path = DummyData.swift; sourceTree = "<group>"; };
		417FE4C61D7DBC5A41C04A0A /* chicken_adobo.jpg */ = {isa = PBXFileReference; lastKnownFileType = image.jpeg; path = chicken_adobo.jpg; sourceTree = "<group>"; };
		46A16BBD0B5705143B90955A /* caprese_salad.jpg */ = {isa = PBXFileReference; lastKnownFileType = image.jpeg; path = caprese_salad.jpg; sourceTree = "<group>"; };
		4C731BB791F85875FED375CD /* garlic_fried_rice.jpg */ = {isa = PBXFileReference; lastKnownFileType = image.jpeg; path = garlic_fried_rice.jpg; sourceTree = "<group>"; };
		503AC7C9BEDDF01840DE1E66 /* zucchini_noodle_stir_fry.jpg */ = {isa = PBXFileReference; lastKnownFileType = image.jpeg; path = zucchini_noodle_stir_fry.jpg; sourceTree = "<group>"; };
		52C5B6D69C5878EDBB78675A /* GetStartedView.swift */ = {isa = PBXFileReference; lastKnownFileType = sourcecode.swift; path = GetStartedView.swift; sourceTree = "<group>"; };
		52C5B6D69C5878EDBB78675B /* SplashView.swift */ = {isa = PBXFileReference; lastKnownFileType = sourcecode.swift; path = SplashView.swift; sourceTree = "<group>"; };
		562A16A05178033C19556FD3 /* BREAKFAST.png */ = {isa = PBXFileReference; lastKnownFileType = image.png; path = BREAKFAST.png; sourceTree = "<group>"; };
		5C1FADD9EFB44C900ADC3141 /* Ingredient.swift */ = {isa = PBXFileReference; lastKnownFileType = sourcecode.swift; path = Ingredient.swift; sourceTree = "<group>"; };
		642CCCEEB0FE0309D3A3132D /* Macros.swift */ = {isa = PBXFileReference; lastKnownFileType = sourcecode.swift; path = Macros.swift; sourceTree = "<group>"; };
		66C402A9402CC35141C54625 /* burrito_bowl.jpg */ = {isa = PBXFileReference; lastKnownFileType = image.jpeg; path = burrito_bowl.jpg; sourceTree = "<group>"; };
		6A168D7F8712AFBCF08D3252 /* korean_bibimbap.jpg */ = {isa = PBXFileReference; lastKnownFileType = image.jpeg; path = korean_bibimbap.jpg; sourceTree = "<group>"; };
		704CF556AF1EE264EE95390E /* Recipe.swift */ = {isa = PBXFileReference; lastKnownFileType = sourcecode.swift; path = Recipe.swift; sourceTree = "<group>"; };
		7222060915A5CEC7A8DC0D79 /* greek_chicken_salad.jpg */ = {isa = PBXFileReference; lastKnownFileType = image.jpeg; path = greek_chicken_salad.jpg; sourceTree = "<group>"; };
		745464E36914E308C1EB67EE /* Chili Pepper.png */ = {isa = PBXFileReference; lastKnownFileType = image.png; path = "Chili Pepper.png"; sourceTree = "<group>"; };
		7703808C4F9B112225FC303B /* MockAuthService.swift */ = {isa = PBXFileReference; lastKnownFileType = sourcecode.swift; path = MockAuthService.swift; sourceTree = "<group>"; };
		786FAABCD65FBF5EB47EE14C /* IngredientChip.swift */ = {isa = PBXFileReference; lastKnownFileType = sourcecode.swift; path = IngredientChip.swift; sourceTree = "<group>"; };
		7923D0BEDD4B9805886749DE /* SupabaseClient.swift */ = {isa = PBXFileReference; lastKnownFileType = sourcecode.swift; path = SupabaseClient.swift; sourceTree = "<group>"; };
		79FBF6F4F0CB438ED2D17DA7 /* food.jpg */ = {isa = PBXFileReference; lastKnownFileType = image.jpeg; path = food.jpg; sourceTree = "<group>"; };
		7A7FCB770D091CD2B6544B29 /* AuthServicing.swift */ = {isa = PBXFileReference; lastKnownFileType = sourcecode.swift; path = AuthServicing.swift; sourceTree = "<group>"; };
		7B69C571ED8D292815D06EEB /* Lemon.png */ = {isa = PBXFileReference; lastKnownFileType = image.png; path = Lemon.png; sourceTree = "<group>"; };
		7BC9796247CDDA519DF6DD9E /* RecipeDetailView.swift */ = {isa = PBXFileReference; lastKnownFileType = sourcecode.swift; path = RecipeDetailView.swift; sourceTree = "<group>"; };
		83614D561A8E94F520ADDBF0 /* MacroProfile.swift */ = {isa = PBXFileReference; lastKnownFileType = sourcecode.swift; path = MacroProfile.swift; sourceTree = "<group>"; };
		873CDDA8682529F370504107 /* Satoshi-Variable.ttf */ = {isa = PBXFileReference; lastKnownFileType = file; path = "Satoshi-Variable.ttf"; sourceTree = "<group>"; };
		8CF311AC35BA76C38FCA7629 /* Beet.png */ = {isa = PBXFileReference; lastKnownFileType = image.png; path = Beet.png; sourceTree = "<group>"; };
		946A3B567CAAB4387E4E633C /* AppRootView.swift */ = {isa = PBXFileReference; lastKnownFileType = sourcecode.swift; path = AppRootView.swift; sourceTree = "<group>"; };
		980BCCC4FF2E655171B2F353 /* grilled_chicken_breast.jpg */ = {isa = PBXFileReference; lastKnownFileType = image.jpeg; path = grilled_chicken_breast.jpg; sourceTree = "<group>"; };
		99B3F34FFF8348AC29A619D5 /* RecipeIngredient.swift */ = {isa = PBXFileReference; lastKnownFileType = sourcecode.swift; path = RecipeIngredient.swift; sourceTree = "<group>"; };
		A00B90C527EC572811682712 /* Garlic.png */ = {isa = PBXFileReference; lastKnownFileType = image.png; path = Garlic.png; sourceTree = "<group>"; };
		A13E4D0B18FE5FD13DF23471 /* Broccoli.png */ = {isa = PBXFileReference; lastKnownFileType = image.png; path = Broccoli.png; sourceTree = "<group>"; };
		A14455240EDE937E9E5C3F1C /* BREAKFAST.svg */ = {isa = PBXFileReference; lastKnownFileType = text; path = BREAKFAST.svg; sourceTree = "<group>"; };
		A1BAE9D0A8EEBD9BD45208EB /* spinach_egg_scramble.jpg */ = {isa = PBXFileReference; lastKnownFileType = image.jpeg; path = spinach_egg_scramble.jpg; sourceTree = "<group>"; };
		A3DF438A696E4E878B57EF39 /* bean_rice_bowl.jpg */ = {isa = PBXFileReference; lastKnownFileType = image.jpeg; path = bean_rice_bowl.jpg; sourceTree = "<group>"; };
		AE9184889DBD3A6D41BE9540 /* Icons.xcassets */ = {isa = PBXFileReference; lastKnownFileType = folder.assetcatalog; path = Icons.xcassets; sourceTree = "<group>"; };
		B37DDD79FAB449C94D672A45 /* RecipesView.swift */ = {isa = PBXFileReference; lastKnownFileType = sourcecode.swift; path = RecipesView.swift; sourceTree = "<group>"; };
		B4C9D4C308E8484274D74205 /* SavedRecipesStore.swift */ = {isa = PBXFileReference; lastKnownFileType = sourcecode.swift; path = SavedRecipesStore.swift; sourceTree = "<group>"; };
		B87364B705EF47E52293439B /* Banana.png */ = {isa = PBXFileReference; lastKnownFileType = image.png; path = Banana.png; sourceTree = "<group>"; };
		B9BF60F662B8DAA315390AF8 /* ShareRecipeSheet.swift */ = {isa = PBXFileReference; lastKnownFileType = sourcecode.swift; path = ShareRecipeSheet.swift; sourceTree = "<group>"; };
		C377C351BD6B5F3FEF6AEC0B /* StarRatingView.swift */ = {isa = PBXFileReference; lastKnownFileType = sourcecode.swift; path = StarRatingView.swift; sourceTree = "<group>"; };
		C82DA06EDE12D3E490F6ADFD /* ProfileView.swift */ = {isa = PBXFileReference; lastKnownFileType = sourcecode.swift; path = ProfileView.swift; sourceTree = "<group>"; };
		CB25E259DB12ACD1C1E7F902 /* PreviewHelpers.swift */ = {isa = PBXFileReference; lastKnownFileType = sourcecode.swift; path = PreviewHelpers.swift; sourceTree = "<group>"; };
		D4E5F6A7B8C9D0E1F2A3B4C5 /* OTPVerificationView.swift */ = {isa = PBXFileReference; lastKnownFileType = sourcecode.swift; path = OTPVerificationView.swift; sourceTree = "<group>"; };
		DA515CECDAF250D35F5731D2 /* Info.plist */ = {isa = PBXFileReference; lastKnownFileType = text.plist; path = Info.plist; sourceTree = "<group>"; };
		DA53245272A621024C71F85B /* GenerationOptions.swift */ = {isa = PBXFileReference; lastKnownFileType = sourcecode.swift; path = GenerationOptions.swift; sourceTree = "<group>"; };
		DA6456583B1EB9CFA64C963F /* Corn.png */ = {isa = PBXFileReference; lastKnownFileType = image.png; path = Corn.png; sourceTree = "<group>"; };
		DABFE1E2BE5D74A531C707E9 /* GenerateView.swift */ = {isa = PBXFileReference; lastKnownFileType = sourcecode.swift; path = GenerateView.swift; sourceTree = "<group>"; };
		DC2237E7BB39DCCC31FD64A8 /* AuthView.swift */ = {isa = PBXFileReference; lastKnownFileType = sourcecode.swift; path = AuthView.swift; sourceTree = "<group>"; };
		DE70ECBA2BE70D22FB2ADEC6 /* black_bean_tacos.jpg */ = {isa = PBXFileReference; lastKnownFileType = image.jpeg; path = black_bean_tacos.jpg; sourceTree = "<group>"; };
		E013008A3A3EDCEA85074AA4 /* AppSession.swift */ = {isa = PBXFileReference; lastKnownFileType = sourcecode.swift; path = AppSession.swift; sourceTree = "<group>"; };
		E04E5C5E32A540BBA70863AA /* tofu_pad_thai.jpg */ = {isa = PBXFileReference; lastKnownFileType = image.jpeg; path = tofu_pad_thai.jpg; sourceTree = "<group>"; };
		E2D3C4B5A6978800112233F1 /* ProfileService.swift */ = {isa = PBXFileReference; lastKnownFileType = sourcecode.swift; path = ProfileService.swift; sourceTree = "<group>"; };
		E6DACD6A28FCBB0C22151896 /* MockRecipeGenerator.swift */ = {isa = PBXFileReference; lastKnownFileType = sourcecode.swift; path = MockRecipeGenerator.swift; sourceTree = "<group>"; };
		E944FBC8A297AFD340B96F02 /* PantryStore.swift */ = {isa = PBXFileReference; lastKnownFileType = sourcecode.swift; path = PantryStore.swift; sourceTree = "<group>"; };
		E9493B5DAB62EB7AB8319A32 /* chicken_tikka_bowl.jpg */ = {isa = PBXFileReference; lastKnownFileType = image.jpeg; path = chicken_tikka_bowl.jpg; sourceTree = "<group>"; };
		E98253A732C7516A9C1B89A2 /* Pantry.svg */ = {isa = PBXFileReference; lastKnownFileType = text; path = Pantry.svg; sourceTree = "<group>"; };
		F114385A24647C300FEFF208 /* MainTabView.swift */ = {isa = PBXFileReference; lastKnownFileType = sourcecode.swift; path = MainTabView.swift; sourceTree = "<group>"; };
		F1E2D3C4B5A6978800112233 /* SupabaseAuthService.swift */ = {isa = PBXFileReference; lastKnownFileType = sourcecode.swift; path = SupabaseAuthService.swift; sourceTree = "<group>"; };
		F75D4D9A44F275DF59C80B53 /* SourceLink.swift */ = {isa = PBXFileReference; lastKnownFileType = sourcecode.swift; path = SourceLink.swift; sourceTree = "<group>"; };
		FAD9D83EE1C4BE8CA98E685C /* UseUp.swift */ = {isa = PBXFileReference; lastKnownFileType = sourcecode.swift; path = UseUp.swift; sourceTree = "<group>"; };
		FE446B2406C6915F998A60C5 /* mediterranean_quinoa_bowl.jpg */ = {isa = PBXFileReference; lastKnownFileType = image.jpeg; path = mediterranean_quinoa_bowl.jpg; sourceTree = "<group>"; };
/* End PBXFileReference section */

/* Begin PBXFrameworksBuildPhase section */
		0F30792B17C2450E92EA44E3 /* Frameworks */ = {
			isa = PBXFrameworksBuildPhase;
			buildActionMask = 2147483647;
			files = (
				C0B532C6B560D467B946DE0E /* Supabase in Frameworks */,
			);
			runOnlyForDeploymentPostprocessing = 0;
		};
/* End PBXFrameworksBuildPhase section */

/* Begin PBXGroup section */
		001E09B540E6B203FEABEFAC /* App */ = {
			isa = PBXGroup;
			children = (
				946A3B567CAAB4387E4E633C /* AppRootView.swift */,
				E013008A3A3EDCEA85074AA4 /* AppSession.swift */,
				DA515CECDAF250D35F5731D2 /* Info.plist */,
				F114385A24647C300FEFF208 /* MainTabView.swift */,
				FAD9D83EE1C4BE8CA98E685C /* UseUp.swift */,
			);
			path = App;
			sourceTree = "<group>";
		};
		06A11E0C9593BFFA9609BB51 = {
			isa = PBXGroup;
			children = (
				001E09B540E6B203FEABEFAC /* App */,
				8D9F4FA809B2ACF09F7C7AA6 /* Assets */,
				68B0B30E86C0B966BEBBC276 /* Core */,
				9B13C6ED30732D7C45BB01B3 /* Features */,
				15C2F7080AAC6FEA2E9893B1 /* Fonts */,
				CDECBB757AA11290CEF314CD /* Products */,
			);
			sourceTree = "<group>";
		};
		15C2F7080AAC6FEA2E9893B1 /* Fonts */ = {
			isa = PBXGroup;
			children = (
				6A17766A73067FCB1969352D /* Bricolage */,
				C65457FDE14BB713F7742067 /* Cal_Sans */,
				65FEE9010DBC40E22DC920D8 /* Satoshi */,
			);
			path = Fonts;
			sourceTree = "<group>";
		};
		1FA8CFD31D738475D281D31A /* DesignSystem */ = {
			isa = PBXGroup;
			children = (
				2E9993855C4EB6BDEE8525E0 /* DesignSystem.swift */,
				786FAABCD65FBF5EB47EE14C /* IngredientChip.swift */,
				C377C351BD6B5F3FEF6AEC0B /* StarRatingView.swift */,
			);
			path = DesignSystem;
			sourceTree = "<group>";
		};
		1FB1D457A2E7F6E627AA21FE /* RecipeDetail */ = {
			isa = PBXGroup;
			children = (
				7BC9796247CDDA519DF6DD9E /* RecipeDetailView.swift */,
			);
			path = RecipeDetail;
			sourceTree = "<group>";
		};
		22D776B6638AB757A5B73098 /* Profile */ = {
			isa = PBXGroup;
			children = (
				C82DA06EDE12D3E490F6ADFD /* ProfileView.swift */,
			);
			path = Profile;
			sourceTree = "<group>";
		};
		3B2404D8A136630D39B31E9E /* Store */ = {
			isa = PBXGroup;
			children = (
				14B216034BEC0424DA1D51B9 /* MacrosStore.swift */,
				E944FBC8A297AFD340B96F02 /* PantryStore.swift */,
				B4C9D4C308E8484274D74205 /* SavedRecipesStore.swift */,
			);
			path = Store;
			sourceTree = "<group>";
		};
		50155FC735435EF9ABC7EF2C /* Pantry */ = {
			isa = PBXGroup;
			children = (
				0923F147D56FC7B31EFD438D /* PantryView.swift */,
			);
			path = Pantry;
			sourceTree = "<group>";
		};
		503DC6BD87813A2631ABE30C /* Models */ = {
			isa = PBXGroup;
			children = (
				DA53245272A621024C71F85B /* GenerationOptions.swift */,
				5C1FADD9EFB44C900ADC3141 /* Ingredient.swift */,
				250C8A2B0170133955E7CFC0 /* MacroEntry.swift */,
				83614D561A8E94F520ADDBF0 /* MacroProfile.swift */,
				642CCCEEB0FE0309D3A3132D /* Macros.swift */,
				704CF556AF1EE264EE95390E /* Recipe.swift */,
				99B3F34FFF8348AC29A619D5 /* RecipeIngredient.swift */,
				F75D4D9A44F275DF59C80B53 /* SourceLink.swift */,
			);
			path = Models;
			sourceTree = "<group>";
		};
		5693BEF783E81A12E3127530 /* Recipes */ = {
			isa = PBXGroup;
			children = (
				B37DDD79FAB449C94D672A45 /* RecipesView.swift */,
				B9BF60F662B8DAA315390AF8 /* ShareRecipeSheet.swift */,
			);
			path = Recipes;
			sourceTree = "<group>";
		};
		56F1FB94F14109720AAC0A54 /* Icons */ = {
			isa = PBXGroup;
			children = (
				3E9664EFF4249699D3039F13 /* Macro.svg */,
				E98253A732C7516A9C1B89A2 /* Pantry.svg */,
				325B9CBE4070D61ED68EC740 /* Recipe.svg */,
			);
			path = Icons;
			sourceTree = "<group>";
		};
		65FEE9010DBC40E22DC920D8 /* Satoshi */ = {
			isa = PBXGroup;
			children = (
				873CDDA8682529F370504107 /* Satoshi-Variable.ttf */,
			);
			path = Satoshi;
			sourceTree = "<group>";
		};
		6680A1F626E411EA3BA58893 /* Services */ = {
			isa = PBXGroup;
			children = (
				7A7FCB770D091CD2B6544B29 /* AuthServicing.swift */,
				7703808C4F9B112225FC303B /* MockAuthService.swift */,
				E6DACD6A28FCBB0C22151896 /* MockRecipeGenerator.swift */,
				3BBC1A0C37F72DA19A56F017 /* RecipeGenerating.swift */,
				7923D0BEDD4B9805886749DE /* SupabaseClient.swift */,
				F1E2D3C4B5A6978800112233 /* SupabaseAuthService.swift */,
				E2D3C4B5A6978800112233F1 /* ProfileService.swift */,
			);
			path = Services;
			sourceTree = "<group>";
		};
		68B0B30E86C0B966BEBBC276 /* Core */ = {
			isa = PBXGroup;
			children = (
				CB25E259DB12ACD1C1E7F902 /* PreviewHelpers.swift */,
				F5C7BBF37C92FA147F888277 /* Data */,
				1FA8CFD31D738475D281D31A /* DesignSystem */,
				503DC6BD87813A2631ABE30C /* Models */,
				6680A1F626E411EA3BA58893 /* Services */,
				3B2404D8A136630D39B31E9E /* Store */,
			);
			path = Core;
			sourceTree = "<group>";
		};
		6A17766A73067FCB1969352D /* Bricolage */ = {
			isa = PBXGroup;
			children = (
				20098F5914F8B0BF4352AB9F /* Bricolage.ttf */,
			);
			path = Bricolage;
			sourceTree = "<group>";
		};
		8D9F4FA809B2ACF09F7C7AA6 /* Assets */ = {
			isa = PBXGroup;
			children = (
				562A16A05178033C19556FD3 /* BREAKFAST.png */,
				A14455240EDE937E9E5C3F1C /* BREAKFAST.svg */,
				79FBF6F4F0CB438ED2D17DA7 /* food.jpg */,
				AE9184889DBD3A6D41BE9540 /* Icons.xcassets */,
				9F9E4D98271DF7F6C6559CFB /* FoodIcons */,
				56F1FB94F14109720AAC0A54 /* Icons */,
				DA9C29C7A80DD997741DACEE /* RecipeImages */,
			);
			path = Assets;
			sourceTree = "<group>";
		};
		9B13C6ED30732D7C45BB01B3 /* Features */ = {
			isa = PBXGroup;
			children = (
				B6EF91F62BFDFADFD752E705 /* Auth */,
				A12C037632851BCA8B3B7CA9 /* Generate */,
				A8EEF95085FBA4347CE8C292 /* Onboarding */,
				50155FC735435EF9ABC7EF2C /* Pantry */,
				22D776B6638AB757A5B73098 /* Profile */,
				1FB1D457A2E7F6E627AA21FE /* RecipeDetail */,
				5693BEF783E81A12E3127530 /* Recipes */,
			);
			path = Features;
			sourceTree = "<group>";
		};
		9F9E4D98271DF7F6C6559CFB /* FoodIcons */ = {
			isa = PBXGroup;
			children = (
				3F9DD6D9725AACEAA673D8A5 /* Avocado.png */,
				B87364B705EF47E52293439B /* Banana.png */,
				8CF311AC35BA76C38FCA7629 /* Beet.png */,
				2E418DF80ABF3353936BB2AE /* Bread.png */,
				A13E4D0B18FE5FD13DF23471 /* Broccoli.png */,
				745464E36914E308C1EB67EE /* Chili Pepper.png */,
				DA6456583B1EB9CFA64C963F /* Corn.png */,
				A00B90C527EC572811682712 /* Garlic.png */,
				7B69C571ED8D292815D06EEB /* Lemon.png */,
				2E03FBC42945881C1C8F5A1B /* Tomato.png */,
			);
			path = FoodIcons;
			sourceTree = "<group>";
		};
		A12C037632851BCA8B3B7CA9 /* Generate */ = {
			isa = PBXGroup;
			children = (
				DABFE1E2BE5D74A531C707E9 /* GenerateView.swift */,
			);
			path = Generate;
			sourceTree = "<group>";
		};
		A8EEF95085FBA4347CE8C292 /* Onboarding */ = {
			isa = PBXGroup;
			children = (
				06DCC290A03520C3DF5D0D97 /* FeatureOnboardingView.swift */,
				52C5B6D69C5878EDBB78675A /* GetStartedView.swift */,
				52C5B6D69C5878EDBB78675B /* SplashView.swift */,
			);
			path = Onboarding;
			sourceTree = "<group>";
		};
		B6EF91F62BFDFADFD752E705 /* Auth */ = {
			isa = PBXGroup;
			children = (
				DC2237E7BB39DCCC31FD64A8 /* AuthView.swift */,
				D4E5F6A7B8C9D0E1F2A3B4C5 /* OTPVerificationView.swift */,
			);
			path = Auth;
			sourceTree = "<group>";
		};
		C65457FDE14BB713F7742067 /* Cal_Sans */ = {
			isa = PBXGroup;
			children = (
				21BF6E967C36329A4F20EA2E /* CalSans-Regular.ttf */,
			);
			path = Cal_Sans;
			sourceTree = "<group>";
		};
		CDECBB757AA11290CEF314CD /* Products */ = {
			isa = PBXGroup;
			children = (
				146D91EAB4ED2123AC6E1D15 /* UseUp.app */,
			);
			name = Products;
			sourceTree = "<group>";
		};
		DA9C29C7A80DD997741DACEE /* RecipeImages */ = {
			isa = PBXGroup;
			children = (
				A3DF438A696E4E878B57EF39 /* bean_rice_bowl.jpg */,
				DE70ECBA2BE70D22FB2ADEC6 /* black_bean_tacos.jpg */,
				66C402A9402CC35141C54625 /* burrito_bowl.jpg */,
				46A16BBD0B5705143B90955A /* caprese_salad.jpg */,
				417FE4C61D7DBC5A41C04A0A /* chicken_adobo.jpg */,
				E9493B5DAB62EB7AB8319A32 /* chicken_tikka_bowl.jpg */,
				203CF2C073B558DE4F56C6BC /* egg_fried_noodles.jpg */,
				4C731BB791F85875FED375CD /* garlic_fried_rice.jpg */,
				7222060915A5CEC7A8DC0D79 /* greek_chicken_salad.jpg */,
				980BCCC4FF2E655171B2F353 /* grilled_chicken_breast.jpg */,
				3D5C912CCB0859DC81A8E2D8 /* japanese_miso_soup.jpg */,
				6A168D7F8712AFBCF08D3252 /* korean_bibimbap.jpg */,
				FE446B2406C6915F998A60C5 /* mediterranean_quinoa_bowl.jpg */,
				3015D89525CDD4C977B5EA59 /* spaghetti_aglio_e_olio.jpg */,
				A1BAE9D0A8EEBD9BD45208EB /* spinach_egg_scramble.jpg */,
				E04E5C5E32A540BBA70863AA /* tofu_pad_thai.jpg */,
				267C4E36821AB28291D27DE4 /* tuna_protein_salad.jpg */,
				503AC7C9BEDDF01840DE1E66 /* zucchini_noodle_stir_fry.jpg */,
			);
			path = RecipeImages;
			sourceTree = "<group>";
		};
		F5C7BBF37C92FA147F888277 /* Data */ = {
			isa = PBXGroup;
			children = (
				3FAA280AC277D1DCB6982C81 /* DummyData.swift */,
			);
			path = Data;
			sourceTree = "<group>";
		};
/* End PBXGroup section */

/* Begin PBXNativeTarget section */
		2EC790FEF10938A6FFD93455 /* UseUp */ = {
			isa = PBXNativeTarget;
			buildConfigurationList = 6977499DD3CFACF79548C17D /* Build configuration list for PBXNativeTarget "UseUp" */;
			buildPhases = (
				F02A79264CF8D49E5FD2A552 /* Sources */,
				50035B2DD9D8955157BDC734 /* Resources */,
				0F30792B17C2450E92EA44E3 /* Frameworks */,
			);
			buildRules = (
			);
			dependencies = (
			);
			name = UseUp;
			packageProductDependencies = (
				09FE46A95D07C5CFEE2F4F0E /* Supabase */,
			);
			productName = UseUp;
			productReference = 146D91EAB4ED2123AC6E1D15 /* UseUp.app */;
			productType = "com.apple.product-type.application";
		};
/* End PBXNativeTarget section */

/* Begin PBXProject section */
		8D1A0E16E23F93A5F393757F /* Project object */ = {
			isa = PBXProject;
			attributes = {
				BuildIndependentTargetsInParallel = YES;
				LastUpgradeCheck = 2630;
			};
			buildConfigurationList = 48E09C89B98157BF11D5FF40 /* Build configuration list for PBXProject "UseUp" */;
			developmentRegion = en;
			hasScannedForEncodings = 0;
			knownRegions = (
				Base,
				en,
			);
			mainGroup = 06A11E0C9593BFFA9609BB51;
			minimizedProjectReferenceProxies = 1;
			packageReferences = (
				9E38EC76D6694FBC42EB8B21 /* XCRemoteSwiftPackageReference "supabase-swift" */,
			);
			preferredProjectObjectVersion = 77;
			productRefGroup = CDECBB757AA11290CEF314CD /* Products */;
			projectDirPath = "";
			projectRoot = "";
			targets = (
				2EC790FEF10938A6FFD93455 /* UseUp */,
			);
		};
/* End PBXProject section */

/* Begin PBXResourcesBuildPhase section */
		50035B2DD9D8955157BDC734 /* Resources */ = {
			isa = PBXResourcesBuildPhase;
			buildActionMask = 2147483647;
			files = (
				2A6EB0A301F9A235E430C6CA /* Avocado.png in Resources */,
				1662BA7A2884745F0B642655 /* BREAKFAST.png in Resources */,
				87E95B6BB5E33A815974CCB1 /* BREAKFAST.svg in Resources */,
				68DD36EEAA11103AE8149FC7 /* Banana.png in Resources */,
				1EA1759BE1E42A455B85B9A3 /* Beet.png in Resources */,
				68C53A8455B987CA7A5D3905 /* Bread.png in Resources */,
				82CD7BA2589BEDA7366B6E34 /* Bricolage.ttf in Resources */,
				DF072E4F8D89B5CE1D892202 /* Broccoli.png in Resources */,
				22D75B6897873EF9F6508611 /* CalSans-Regular.ttf in Resources */,
				6C646D06BE26B6523BD6283B /* Chili Pepper.png in Resources */,
				E787564288CB0A56B2C39D34 /* Corn.png in Resources */,
				9E39D6F0DAFA231A39CC3C54 /* Garlic.png in Resources */,
				D210141991A4ACB22FF33B1F /* Icons.xcassets in Resources */,
				7B8153BEB8B9F849DE99ABE8 /* Lemon.png in Resources */,
				E24BE3A936F255D1A2B57FC5 /* Macro.svg in Resources */,
				26A4D3B7190725BFA002C6C2 /* Pantry.svg in Resources */,
				B1E9E1A440E1AC0BCD8D7B05 /* Recipe.svg in Resources */,
				8244AE911A1B24066F661DB3 /* Satoshi-Variable.ttf in Resources */,
				F9E665C61B9FC15D3DF06314 /* Tomato.png in Resources */,
				CA1983A18312E9CA947EFE31 /* bean_rice_bowl.jpg in Resources */,
				214FD5727EB4980F093DDBAD /* black_bean_tacos.jpg in Resources */,
				A71A4782F5ECEC1B5F2E3B09 /* burrito_bowl.jpg in Resources */,
				C84FEFB86F36A5472694DA8C /* caprese_salad.jpg in Resources */,
				0A7A5245A5130DB80549EF1E /* chicken_adobo.jpg in Resources */,
				3ABD7CDD9E7CDFD5716FE807 /* chicken_tikka_bowl.jpg in Resources */,
				39BFC9615DED8C1DBF441555 /* egg_fried_noodles.jpg in Resources */,
				29F27DD1243E4F449FCB7C93 /* food.jpg in Resources */,
				0B1D18CF0EBD065D15A8FDE7 /* garlic_fried_rice.jpg in Resources */,
				A2870067A48EFFDF2190EFD4 /* greek_chicken_salad.jpg in Resources */,
				50156D87EF57571A0F3D6342 /* grilled_chicken_breast.jpg in Resources */,
				7C8A8B3008FADE2F2F82A6CC /* japanese_miso_soup.jpg in Resources */,
				8F397889BFC74E260325A739 /* korean_bibimbap.jpg in Resources */,
				A80537A9689BD80F2CFD51A8 /* mediterranean_quinoa_bowl.jpg in Resources */,
				2C14EC9025345F1927D17CC5 /* spaghetti_aglio_e_olio.jpg in Resources */,
				5B17ED9E08DF4BEE88452FA4 /* spinach_egg_scramble.jpg in Resources */,
				61BD0120D429DF101CDF7A20 /* tofu_pad_thai.jpg in Resources */,
				414EBB6469BE9E8F7B259CE7 /* tuna_protein_salad.jpg in Resources */,
				74D6DD3C53A5F9B81D2AD8D2 /* zucchini_noodle_stir_fry.jpg in Resources */,
			);
			runOnlyForDeploymentPostprocessing = 0;
		};
/* End PBXResourcesBuildPhase section */

/* Begin PBXSourcesBuildPhase section */
		F02A79264CF8D49E5FD2A552 /* Sources */ = {
			isa = PBXSourcesBuildPhase;
			buildActionMask = 2147483647;
			files = (
				D0A68A6EB9ABD3823AFC8266 /* AppRootView.swift in Sources */,
				FE2E00688DE4B92991C7B14A /* AppSession.swift in Sources */,
				0BCC66D98AADE3ECE40E6779 /* AuthServicing.swift in Sources */,
				318C85980AF96B54EF07A46E /* AuthView.swift in Sources */,
				DAEA3BC50B0FC4D58138127C /* DesignSystem.swift in Sources */,
				12B822292D18CAAB77C161A7 /* DummyData.swift in Sources */,
				298430967642FAFC3162F661 /* FeatureOnboardingView.swift in Sources */,
				2EB41B4A1B2B4A942E02F963 /* GenerateView.swift in Sources */,
				1D2D016163477A8C419EB6CB /* GenerationOptions.swift in Sources */,
				B699F805B02A95BEA1011515 /* GetStartedView.swift in Sources */,
				B699F805B02A95BEA1011516 /* SplashView.swift in Sources */,
				5EF1718AF3D23AD5364BC518 /* Ingredient.swift in Sources */,
				1600BDEF8F9858AAB63789D9 /* IngredientChip.swift in Sources */,
				AFE921F32988F88F728D919E /* MacroEntry.swift in Sources */,
				D0101FEC647CD740FE4A9A6D /* MacroProfile.swift in Sources */,
				57095F8934630FC097687B48 /* Macros.swift in Sources */,
				9B69CC9E60EA77FA624FEAFD /* MacrosStore.swift in Sources */,
				550C0C63F02C72707A0A8498 /* MainTabView.swift in Sources */,
				819D62E0EB2A0BD57042F946 /* MockAuthService.swift in Sources */,
				295328ED217BE49A8190A6BB /* MockRecipeGenerator.swift in Sources */,
				B16AE7C7C466A375023CADBD /* PantryStore.swift in Sources */,
				DD43EB8F0FA794EAA5C263EE /* PantryView.swift in Sources */,
				A6433BF32F203E29F88C92BA /* PreviewHelpers.swift in Sources */,
				FFBC78300528C80A919F6F34 /* ProfileView.swift in Sources */,
				BBC4D29EAA7E3A556ED86B57 /* Recipe.swift in Sources */,
				02244F67199F15577ECA0CB4 /* RecipeDetailView.swift in Sources */,
				646ADC15F073D597C1679473 /* RecipeGenerating.swift in Sources */,
				26FE43D2BF95B1971460392A /* RecipeIngredient.swift in Sources */,
				708D49513D61EDECD4728E01 /* RecipesView.swift in Sources */,
				C0CEC24C56981B4957886FD7 /* SavedRecipesStore.swift in Sources */,
				2B6A7725B316E8F594EBCF66 /* ShareRecipeSheet.swift in Sources */,
				C3D4E5F6A7B8C9D0E1F2A3B4 /* OTPVerificationView.swift in Sources */,
				B3743568EAD94CFD9B37AD49 /* SourceLink.swift in Sources */,
				BB096795DBDD61E1C9608ACD /* StarRatingView.swift in Sources */,
				639BDB219E2B5430181D46FE /* SupabaseClient.swift in Sources */,
				A1B2C3D4E5F6A7B8C9D0E1F2 /* SupabaseAuthService.swift in Sources */,
				B2C3D4E5F6A7B8C9D0E1F3A4 /* ProfileService.swift in Sources */,
				02CC55C9E917BD8B040F3923 /* UseUp.swift in Sources */,
			);
			runOnlyForDeploymentPostprocessing = 0;
		};
/* End PBXSourcesBuildPhase section */

/* Begin XCBuildConfiguration section */
		1384FCD87CFCA30683B1197E /* Debug */ = {
			isa = XCBuildConfiguration;
			buildSettings = {
				ASSETCATALOG_COMPILER_APPICON_NAME = AppIcon;
				CODE_SIGN_IDENTITY = "iPhone Developer";
				CURRENT_PROJECT_VERSION = 1;
				GENERATE_INFOPLIST_FILE = NO;
				INFOPLIST_FILE = App/Info.plist;
				LD_RUNPATH_SEARCH_PATHS = (
					"$(inherited)",
					"@executable_path/Frameworks",
				);
				MARKETING_VERSION = 1.0;
				PRODUCT_BUNDLE_IDENTIFIER = com.ryleurcia.useup;
				PRODUCT_NAME = UseUp;
				SDKROOT = iphoneos;
				SWIFT_VERSION = 5.0;
				TARGETED_DEVICE_FAMILY = "1,2";
			};
			name = Debug;
		};
		1E5D92BF5F6AB4E7401D84A5 /* Release */ = {
			isa = XCBuildConfiguration;
			buildSettings = {
				ALWAYS_SEARCH_USER_PATHS = NO;
				CLANG_ANALYZER_NONNULL = YES;
				CLANG_ANALYZER_NUMBER_OBJECT_CONVERSION = YES_AGGRESSIVE;
				CLANG_CXX_LANGUAGE_STANDARD = "gnu++14";
				CLANG_CXX_LIBRARY = "libc++";
				CLANG_ENABLE_MODULES = YES;
				CLANG_ENABLE_OBJC_ARC = YES;
				CLANG_ENABLE_OBJC_WEAK = YES;
				CLANG_WARN_BLOCK_CAPTURE_AUTORELEASING = YES;
				CLANG_WARN_BOOL_CONVERSION = YES;
				CLANG_WARN_COMMA = YES;
				CLANG_WARN_CONSTANT_CONVERSION = YES;
				CLANG_WARN_DEPRECATED_OBJC_IMPLEMENTATIONS = YES;
				CLANG_WARN_DIRECT_OBJC_ISA_USAGE = YES_ERROR;
				CLANG_WARN_DOCUMENTATION_COMMENTS = YES;
				CLANG_WARN_EMPTY_BODY = YES;
				CLANG_WARN_ENUM_CONVERSION = YES;
				CLANG_WARN_INFINITE_RECURSION = YES;
				CLANG_WARN_INT_CONVERSION = YES;
				CLANG_WARN_NON_LITERAL_NULL_CONVERSION = YES;
				CLANG_WARN_OBJC_IMPLICIT_RETAIN_SELF = YES;
				CLANG_WARN_OBJC_LITERAL_CONVERSION = YES;
				CLANG_WARN_OBJC_ROOT_CLASS = YES_ERROR;
				CLANG_WARN_QUOTED_INCLUDE_IN_FRAMEWORK_HEADER = YES;
				CLANG_WARN_RANGE_LOOP_ANALYSIS = YES;
				CLANG_WARN_STRICT_PROTOTYPES = YES;
				CLANG_WARN_SUSPICIOUS_MOVE = YES;
				CLANG_WARN_UNGUARDED_AVAILABILITY = YES_AGGRESSIVE;
				CLANG_WARN_UNREACHABLE_CODE = YES;
				CLANG_WARN__DUPLICATE_METHOD_MATCH = YES;
				COPY_PHASE_STRIP = NO;
				DEBUG_INFORMATION_FORMAT = "dwarf-with-dsym";
				ENABLE_NS_ASSERTIONS = NO;
				ENABLE_STRICT_OBJC_MSGSEND = YES;
				ENABLE_USER_SCRIPT_SANDBOXING = YES;
				GCC_C_LANGUAGE_STANDARD = gnu11;
				GCC_NO_COMMON_BLOCKS = YES;
				GCC_WARN_64_TO_32_BIT_CONVERSION = YES;
				GCC_WARN_ABOUT_RETURN_TYPE = YES_ERROR;
				GCC_WARN_UNDECLARED_SELECTOR = YES;
				GCC_WARN_UNINITIALIZED_AUTOS = YES_AGGRESSIVE;
				GCC_WARN_UNUSED_FUNCTION = YES;
				GCC_WARN_UNUSED_VARIABLE = YES;
				IPHONEOS_DEPLOYMENT_TARGET = 17.0;
				MTL_ENABLE_DEBUG_INFO = NO;
				MTL_FAST_MATH = YES;
				PRODUCT_NAME = "$(TARGET_NAME)";
				SDKROOT = iphoneos;
				STRING_CATALOG_GENERATE_SYMBOLS = YES;
				SWIFT_COMPILATION_MODE = wholemodule;
				SWIFT_OPTIMIZATION_LEVEL = "-O";
				SWIFT_VERSION = 5.0;
			};
			name = Release;
		};
		3236BB3216D0A17C80F5DEFC /* Debug */ = {
			isa = XCBuildConfiguration;
			buildSettings = {
				ALWAYS_SEARCH_USER_PATHS = NO;
				CLANG_ANALYZER_NONNULL = YES;
				CLANG_ANALYZER_NUMBER_OBJECT_CONVERSION = YES_AGGRESSIVE;
				CLANG_CXX_LANGUAGE_STANDARD = "gnu++14";
				CLANG_CXX_LIBRARY = "libc++";
				CLANG_ENABLE_MODULES = YES;
				CLANG_ENABLE_OBJC_ARC = YES;
				CLANG_ENABLE_OBJC_WEAK = YES;
				CLANG_WARN_BLOCK_CAPTURE_AUTORELEASING = YES;
				CLANG_WARN_BOOL_CONVERSION = YES;
				CLANG_WARN_COMMA = YES;
				CLANG_WARN_CONSTANT_CONVERSION = YES;
				CLANG_WARN_DEPRECATED_OBJC_IMPLEMENTATIONS = YES;
				CLANG_WARN_DIRECT_OBJC_ISA_USAGE = YES_ERROR;
				CLANG_WARN_DOCUMENTATION_COMMENTS = YES;
				CLANG_WARN_EMPTY_BODY = YES;
				CLANG_WARN_ENUM_CONVERSION = YES;
				CLANG_WARN_INFINITE_RECURSION = YES;
				CLANG_WARN_INT_CONVERSION = YES;
				CLANG_WARN_NON_LITERAL_NULL_CONVERSION = YES;
				CLANG_WARN_OBJC_IMPLICIT_RETAIN_SELF = YES;
				CLANG_WARN_OBJC_LITERAL_CONVERSION = YES;
				CLANG_WARN_OBJC_ROOT_CLASS = YES_ERROR;
				CLANG_WARN_QUOTED_INCLUDE_IN_FRAMEWORK_HEADER = YES;
				CLANG_WARN_RANGE_LOOP_ANALYSIS = YES;
				CLANG_WARN_STRICT_PROTOTYPES = YES;
				CLANG_WARN_SUSPICIOUS_MOVE = YES;
				CLANG_WARN_UNGUARDED_AVAILABILITY = YES_AGGRESSIVE;
				CLANG_WARN_UNREACHABLE_CODE = YES;
				CLANG_WARN__DUPLICATE_METHOD_MATCH = YES;
				COPY_PHASE_STRIP = NO;
				DEBUG_INFORMATION_FORMAT = dwarf;
				ENABLE_STRICT_OBJC_MSGSEND = YES;
				ENABLE_TESTABILITY = YES;
				ENABLE_USER_SCRIPT_SANDBOXING = YES;
				GCC_C_LANGUAGE_STANDARD = gnu11;
				GCC_DYNAMIC_NO_PIC = NO;
				GCC_NO_COMMON_BLOCKS = YES;
				GCC_OPTIMIZATION_LEVEL = 0;
				GCC_PREPROCESSOR_DEFINITIONS = (
					"$(inherited)",
					"DEBUG=1",
				);
				GCC_WARN_64_TO_32_BIT_CONVERSION = YES;
				GCC_WARN_ABOUT_RETURN_TYPE = YES_ERROR;
				GCC_WARN_UNDECLARED_SELECTOR = YES;
				GCC_WARN_UNINITIALIZED_AUTOS = YES_AGGRESSIVE;
				GCC_WARN_UNUSED_FUNCTION = YES;
				GCC_WARN_UNUSED_VARIABLE = YES;
				IPHONEOS_DEPLOYMENT_TARGET = 17.0;
				MTL_ENABLE_DEBUG_INFO = INCLUDE_SOURCE;
				MTL_FAST_MATH = YES;
				ONLY_ACTIVE_ARCH = YES;
				PRODUCT_NAME = "$(TARGET_NAME)";
				SDKROOT = iphoneos;
				STRING_CATALOG_GENERATE_SYMBOLS = YES;
				SWIFT_ACTIVE_COMPILATION_CONDITIONS = DEBUG;
				SWIFT_OPTIMIZATION_LEVEL = "-Onone";
				SWIFT_VERSION = 5.0;
			};
			name = Debug;
		};
		96C28B597EEDD975C2E328BE /* Release */ = {
			isa = XCBuildConfiguration;
			buildSettings = {
				ASSETCATALOG_COMPILER_APPICON_NAME = AppIcon;
				CODE_SIGN_IDENTITY = "iPhone Developer";
				CURRENT_PROJECT_VERSION = 1;
				GENERATE_INFOPLIST_FILE = NO;
				INFOPLIST_FILE = App/Info.plist;
				LD_RUNPATH_SEARCH_PATHS = (
					"$(inherited)",
					"@executable_path/Frameworks",
				);
				MARKETING_VERSION = 1.0;
				PRODUCT_BUNDLE_IDENTIFIER = com.ryleurcia.useup;
				PRODUCT_NAME = UseUp;
				SDKROOT = iphoneos;
				SWIFT_VERSION = 5.0;
				TARGETED_DEVICE_FAMILY = "1,2";
			};
			name = Release;
		};
/* End XCBuildConfiguration section */

/* Begin XCConfigurationList section */
		48E09C89B98157BF11D5FF40 /* Build configuration list for PBXProject "UseUp" */ = {
			isa = XCConfigurationList;
			buildConfigurations = (
				3236BB3216D0A17C80F5DEFC /* Debug */,
				1E5D92BF5F6AB4E7401D84A5 /* Release */,
			);
			defaultConfigurationIsVisible = 0;
			defaultConfigurationName = Debug;
		};
		6977499DD3CFACF79548C17D /* Build configuration list for PBXNativeTarget "UseUp" */ = {
			isa = XCConfigurationList;
			buildConfigurations = (
				1384FCD87CFCA30683B1197E /* Debug */,
				96C28B597EEDD975C2E328BE /* Release */,
			);
			defaultConfigurationIsVisible = 0;
			defaultConfigurationName = Debug;
		};
/* End XCConfigurationList section */

/* Begin XCRemoteSwiftPackageReference section */
		9E38EC76D6694FBC42EB8B21 /* XCRemoteSwiftPackageReference "supabase-swift" */ = {
			isa = XCRemoteSwiftPackageReference;
			repositoryURL = "https://github.com/supabase/supabase-swift";
			requirement = {
				kind = upToNextMajorVersion;
				minimumVersion = 2.5.1;
			};
		};
/* End XCRemoteSwiftPackageReference section */

/* Begin XCSwiftPackageProductDependency section */
		09FE46A95D07C5CFEE2F4F0E /* Supabase */ = {
			isa = XCSwiftPackageProductDependency;
			package = 9E38EC76D6694FBC42EB8B21 /* XCRemoteSwiftPackageReference "supabase-swift" */;
			productName = Supabase;
		};
/* End XCSwiftPackageProductDependency section */
	};
	rootObject = 8D1A0E16E23F93A5F393757F /* Project object */;
}
